
Microsoft Visual Studio Solution File, Format Version 12.00
# Visual Studio Version 16
VisualStudioVersion = 16.0.29613.14
MinimumVisualStudioVersion = 10.0.40219.1
Project("{9A19103F-16F7-4668-BE54-9A1E7A4F7556}") = "TaskPlanning.Client", "TaskPlanning.Client.csproj", "{4C6A5644-592E-455A-B6CF-1291DC451767}"
EndProject
Global
	GlobalSection(SolutionConfigurationPlatforms) = preSolution
		Debug|Any CPU = Debug|Any CPU
		Release|Any CPU = Release|Any CPU
	EndGlobalSection
	GlobalSection(ProjectConfigurationPlatforms) = postSolution
		{4C6A5644-592E-455A-B6CF-1291DC451767}.Debug|Any CPU.ActiveCfg = Debug|Any CPU
		{4C6A5644-592E-455A-B6CF-1291DC451767}.Debug|Any CPU.Build.0 = Debug|Any CPU
		{4C6A5644-592E-455A-B6CF-1291DC451767}.Release|Any CPU.ActiveCfg = Release|Any CPU
		{4C6A5644-592E-455A-B6CF-1291DC451767}.Release|Any CPU.Build.0 = Release|Any CPU
	EndGlobalSection
	GlobalSection(SolutionProperties) = preSolution
		HideSolutionNode = FALSE
	EndGlobalSection
	GlobalSection(ExtensibilityGlobals) = postSolution
		SolutionGuid = {E8DBF44B-5841-4245-BE03-4F9968DC83A5}
	EndGlobalSection
EndGlobal
